
Microsoft Visual Studio Solution File, Format Version 12.00
# Visual Studio Version 17
VisualStudioVersion = 17.12.35527.113
MinimumVisualStudioVersion = 10.0.40219.1
Project("{2150E333-8FDC-42A3-9474-1A3956D46DE8}") = "src", "src", "{26F6398E-65BB-43B2-8F0C-DA4FD5305E15}"
EndProject
Project("{2150E333-8FDC-42A3-9474-1A3956D46DE8}") = "Producto", "Producto", "{D2725E38-48E5-46FF-8253-27926078D469}"
EndProject
Project("{2150E333-8FDC-42A3-9474-1A3956D46DE8}") = "Inventario", "Inventario", "{49C4E020-B130-4AE8-97F9-94388114ECF9}"
EndProject
Project("{FAE04EC0-301F-11D3-BF4B-00C04F79EFBC}") = "Inventario.API", "src\Inventario\Inventario.API\Inventario.API.csproj", "{3F2546A8-1F73-4551-BE5B-6E776B81395D}"
EndProject
Project("{FAE04EC0-301F-11D3-BF4B-00C04F79EFBC}") = "Inventario.Application", "src\Inventario\Inventario.Application\Inventario.Application.csproj", "{EDDD40F4-3BFC-499B-A5C3-7CEEB7CE7FA1}"
EndProject
Project("{FAE04EC0-301F-11D3-BF4B-00C04F79EFBC}") = "Inventario.Domain", "src\Inventario\Inventario.Domain\Inventario.Domain.csproj", "{3DB3E930-8107-428B-83C9-3D28F797EF01}"
EndProject
Project("{FAE04EC0-301F-11D3-BF4B-00C04F79EFBC}") = "Inventario.Infrastructure", "src\Inventario\Inventario.Infrastructure\Inventario.Infrastructure.csproj", "{1CED6979-4655-4C2C-AFB1-413E6FFBE564}"
EndProject
Project("{FAE04EC0-301F-11D3-BF4B-00C04F79EFBC}") = "Inventario.Tests", "src\Inventario\Inventario.Tests\Inventario.Tests.csproj", "{A3539286-4732-4569-80CA-8B52BC1E34CA}"
EndProject
Project("{FAE04EC0-301F-11D3-BF4B-00C04F79EFBC}") = "Producto.API", "src\Producto\Producto.API\Producto.API.csproj", "{6893E7FA-8FA6-4DAD-804D-7DA7F9E19E01}"
EndProject
Project("{FAE04EC0-301F-11D3-BF4B-00C04F79EFBC}") = "Producto.Application", "src\Producto\Producto.Application\Producto.Application.csproj", "{E77CE733-1A1E-4768-B19B-053CF7D8D108}"
EndProject
Project("{FAE04EC0-301F-11D3-BF4B-00C04F79EFBC}") = "Producto.Domain", "src\Producto\Producto.Domain\Producto.Domain.csproj", "{199B0C54-DA58-4F72-87C1-97FC450217F3}"
EndProject
Project("{FAE04EC0-301F-11D3-BF4B-00C04F79EFBC}") = "Producto.Infrastructure", "src\Producto\Producto.Infrastructure\Producto.Infrastructure.csproj", "{AB50169B-B8F9-49C8-89A9-DDFBE8D55AE0}"
EndProject
Project("{FAE04EC0-301F-11D3-BF4B-00C04F79EFBC}") = "Producto.Tests", "src\Producto\Producto.Tests\Producto.Tests.csproj", "{0BEA38AF-D6F1-4452-B69D-9D122FB63879}"
EndProject
Global
	GlobalSection(SolutionConfigurationPlatforms) = preSolution
		Debug|Any CPU = Debug|Any CPU
		Release|Any CPU = Release|Any CPU
	EndGlobalSection
	GlobalSection(ProjectConfigurationPlatforms) = postSolution
		{3F2546A8-1F73-4551-BE5B-6E776B81395D}.Debug|Any CPU.ActiveCfg = Debug|Any CPU
		{3F2546A8-1F73-4551-BE5B-6E776B81395D}.Debug|Any CPU.Build.0 = Debug|Any CPU
		{3F2546A8-1F73-4551-BE5B-6E776B81395D}.Release|Any CPU.ActiveCfg = Release|Any CPU
		{3F2546A8-1F73-4551-BE5B-6E776B81395D}.Release|Any CPU.Build.0 = Release|Any CPU
		{EDDD40F4-3BFC-499B-A5C3-7CEEB7CE7FA1}.Debug|Any CPU.ActiveCfg = Debug|Any CPU
		{EDDD40F4-3BFC-499B-A5C3-7CEEB7CE7FA1}.Debug|Any CPU.Build.0 = Debug|Any CPU
		{EDDD40F4-3BFC-499B-A5C3-7CEEB7CE7FA1}.Release|Any CPU.ActiveCfg = Release|Any CPU
		{EDDD40F4-3BFC-499B-A5C3-7CEEB7CE7FA1}.Release|Any CPU.Build.0 = Release|Any CPU
		{3DB3E930-8107-428B-83C9-3D28F797EF01}.Debug|Any CPU.ActiveCfg = Debug|Any CPU
		{3DB3E930-8107-428B-83C9-3D28F797EF01}.Debug|Any CPU.Build.0 = Debug|Any CPU
		{3DB3E930-8107-428B-83C9-3D28F797EF01}.Release|Any CPU.ActiveCfg = Release|Any CPU
		{3DB3E930-8107-428B-83C9-3D28F797EF01}.Release|Any CPU.Build.0 = Release|Any CPU
		{1CED6979-4655-4C2C-AFB1-413E6FFBE564}.Debug|Any CPU.ActiveCfg = Debug|Any CPU
		{1CED6979-4655-4C2C-AFB1-413E6FFBE564}.Debug|Any CPU.Build.0 = Debug|Any CPU
		{1CED6979-4655-4C2C-AFB1-413E6FFBE564}.Release|Any CPU.ActiveCfg = Release|Any CPU
		{1CED6979-4655-4C2C-AFB1-413E6FFBE564}.Release|Any CPU.Build.0 = Release|Any CPU
		{A3539286-4732-4569-80CA-8B52BC1E34CA}.Debug|Any CPU.ActiveCfg = Debug|Any CPU
		{A3539286-4732-4569-80CA-8B52BC1E34CA}.Debug|Any CPU.Build.0 = Debug|Any CPU
		{A3539286-4732-4569-80CA-8B52BC1E34CA}.Release|Any CPU.ActiveCfg = Release|Any CPU
		{A3539286-4732-4569-80CA-8B52BC1E34CA}.Release|Any CPU.Build.0 = Release|Any CPU
		{6893E7FA-8FA6-4DAD-804D-7DA7F9E19E01}.Debug|Any CPU.ActiveCfg = Debug|Any CPU
		{6893E7FA-8FA6-4DAD-804D-7DA7F9E19E01}.Debug|Any CPU.Build.0 = Debug|Any CPU
		{6893E7FA-8FA6-4DAD-804D-7DA7F9E19E01}.Release|Any CPU.ActiveCfg = Release|Any CPU
		{6893E7FA-8FA6-4DAD-804D-7DA7F9E19E01}.Release|Any CPU.Build.0 = Release|Any CPU
		{E77CE733-1A1E-4768-B19B-053CF7D8D108}.Debug|Any CPU.ActiveCfg = Debug|Any CPU
		{E77CE733-1A1E-4768-B19B-053CF7D8D108}.Debug|Any CPU.Build.0 = Debug|Any CPU
		{E77CE733-1A1E-4768-B19B-053CF7D8D108}.Release|Any CPU.ActiveCfg = Release|Any CPU
		{E77CE733-1A1E-4768-B19B-053CF7D8D108}.Release|Any CPU.Build.0 = Release|Any CPU
		{199B0C54-DA58-4F72-87C1-97FC450217F3}.Debug|Any CPU.ActiveCfg = Debug|Any CPU
		{199B0C54-DA58-4F72-87C1-97FC450217F3}.Debug|Any CPU.Build.0 = Debug|Any CPU
		{199B0C54-DA58-4F72-87C1-97FC450217F3}.Release|Any CPU.ActiveCfg = Release|Any CPU
		{199B0C54-DA58-4F72-87C1-97FC450217F3}.Release|Any CPU.Build.0 = Release|Any CPU
		{AB50169B-B8F9-49C8-89A9-DDFBE8D55AE0}.Debug|Any CPU.ActiveCfg = Debug|Any CPU
		{AB50169B-B8F9-49C8-89A9-DDFBE8D55AE0}.Debug|Any CPU.Build.0 = Debug|Any CPU
		{AB50169B-B8F9-49C8-89A9-DDFBE8D55AE0}.Release|Any CPU.ActiveCfg = Release|Any CPU
		{AB50169B-B8F9-49C8-89A9-DDFBE8D55AE0}.Release|Any CPU.Build.0 = Release|Any CPU
		{0BEA38AF-D6F1-4452-B69D-9D122FB63879}.Debug|Any CPU.ActiveCfg = Debug|Any CPU
		{0BEA38AF-D6F1-4452-B69D-9D122FB63879}.Debug|Any CPU.Build.0 = Debug|Any CPU
		{0BEA38AF-D6F1-4452-B69D-9D122FB63879}.Release|Any CPU.ActiveCfg = Release|Any CPU
		{0BEA38AF-D6F1-4452-B69D-9D122FB63879}.Release|Any CPU.Build.0 = Release|Any CPU
	EndGlobalSection
	GlobalSection(SolutionProperties) = preSolution
		HideSolutionNode = FALSE
	EndGlobalSection
	GlobalSection(NestedProjects) = preSolution
		{D2725E38-48E5-46FF-8253-27926078D469} = {26F6398E-65BB-43B2-8F0C-DA4FD5305E15}
		{49C4E020-B130-4AE8-97F9-94388114ECF9} = {26F6398E-65BB-43B2-8F0C-DA4FD5305E15}
		{3F2546A8-1F73-4551-BE5B-6E776B81395D} = {49C4E020-B130-4AE8-97F9-94388114ECF9}
		{EDDD40F4-3BFC-499B-A5C3-7CEEB7CE7FA1} = {49C4E020-B130-4AE8-97F9-94388114ECF9}
		{3DB3E930-8107-428B-83C9-3D28F797EF01} = {49C4E020-B130-4AE8-97F9-94388114ECF9}
		{1CED6979-4655-4C2C-AFB1-413E6FFBE564} = {49C4E020-B130-4AE8-97F9-94388114ECF9}
		{A3539286-4732-4569-80CA-8B52BC1E34CA} = {49C4E020-B130-4AE8-97F9-94388114ECF9}
		{6893E7FA-8FA6-4DAD-804D-7DA7F9E19E01} = {D2725E38-48E5-46FF-8253-27926078D469}
		{E77CE733-1A1E-4768-B19B-053CF7D8D108} = {D2725E38-48E5-46FF-8253-27926078D469}
		{199B0C54-DA58-4F72-87C1-97FC450217F3} = {D2725E38-48E5-46FF-8253-27926078D469}
		{AB50169B-B8F9-49C8-89A9-DDFBE8D55AE0} = {D2725E38-48E5-46FF-8253-27926078D469}
		{0BEA38AF-D6F1-4452-B69D-9D122FB63879} = {D2725E38-48E5-46FF-8253-27926078D469}
	EndGlobalSection
EndGlobal
