
Microsoft Visual Studio Solution File, Format Version 12.00
# Visual Studio Version 17
VisualStudioVersion = 17.12.35527.113 d17.12
MinimumVisualStudioVersion = 10.0.40219.1
Project("{2150E333-8FDC-42A3-9474-1A3956D46DE8}") = "src", "src", "{26F6398E-65BB-43B2-8F0C-DA4FD5305E15}"
EndProject
Project("{2150E333-8FDC-42A3-9474-1A3956D46DE8}") = "Producto", "Producto", "{D2725E38-48E5-46FF-8253-27926078D469}"
EndProject
Project("{2150E333-8FDC-42A3-9474-1A3956D46DE8}") = "Inventario", "Inventario", "{49C4E020-B130-4AE8-97F9-94388114ECF9}"
EndProject
Project("{FAE04EC0-301F-11D3-BF4B-00C04F79EFBC}") = "Producto.API", "Producto.API\Producto.API.csproj", "{FC702350-C788-4433-B7EE-9249683BCD69}"
EndProject
Project("{FAE04EC0-301F-11D3-BF4B-00C04F79EFBC}") = "Producto.Application", "Producto.Application\Producto.Application.csproj", "{C71AD2B2-6730-4F64-A050-52631B6B1B67}"
EndProject
Project("{FAE04EC0-301F-11D3-BF4B-00C04F79EFBC}") = "Producto.Domain", "Producto.Domain\Producto.Domain.csproj", "{E89B1ACB-E67E-4AAB-9DC9-9A90E43CB864}"
EndProject
Project("{FAE04EC0-301F-11D3-BF4B-00C04F79EFBC}") = "Producto.Infrastructure", "Producto.Infrastructure\Producto.Infrastructure.csproj", "{FC798E03-C513-4F27-B08E-9A1474B1E364}"
EndProject
Project("{FAE04EC0-301F-11D3-BF4B-00C04F79EFBC}") = "Producto.Tests", "Producto.Tests\Producto.Tests.csproj", "{1F2BA03B-E46D-48DC-9550-D40EB0BDF0F0}"
EndProject
Project("{FAE04EC0-301F-11D3-BF4B-00C04F79EFBC}") = "Inventario.API", "Inventario.API\Inventario.API.csproj", "{9E89D24C-239E-472A-BBC6-4AF64A767456}"
EndProject
Project("{FAE04EC0-301F-11D3-BF4B-00C04F79EFBC}") = "Inventario.Application", "Inventario.Application\Inventario.Application.csproj", "{8A4F3DBF-852C-4C8C-B7A6-86EC0476EA53}"
EndProject
Project("{FAE04EC0-301F-11D3-BF4B-00C04F79EFBC}") = "Inventario.Domain", "Inventario.Domain\Inventario.Domain.csproj", "{95DF2EB4-1927-47A2-90BB-74EC98696237}"
EndProject
Project("{FAE04EC0-301F-11D3-BF4B-00C04F79EFBC}") = "Inventario.Infrastructure", "Inventario.Infrastructure\Inventario.Infrastructure.csproj", "{148C7843-A814-4278-B0AB-ECFA869E4B89}"
EndProject
Project("{FAE04EC0-301F-11D3-BF4B-00C04F79EFBC}") = "Inventario.Tests", "Inventario.Tests\Inventario.Tests.csproj", "{F68FED06-C18A-4BEF-90E1-BEBA96C9D811}"
EndProject
Global
	GlobalSection(SolutionConfigurationPlatforms) = preSolution
		Debug|Any CPU = Debug|Any CPU
		Release|Any CPU = Release|Any CPU
	EndGlobalSection
	GlobalSection(ProjectConfigurationPlatforms) = postSolution
		{FC702350-C788-4433-B7EE-9249683BCD69}.Debug|Any CPU.ActiveCfg = Debug|Any CPU
		{FC702350-C788-4433-B7EE-9249683BCD69}.Debug|Any CPU.Build.0 = Debug|Any CPU
		{FC702350-C788-4433-B7EE-9249683BCD69}.Release|Any CPU.ActiveCfg = Release|Any CPU
		{FC702350-C788-4433-B7EE-9249683BCD69}.Release|Any CPU.Build.0 = Release|Any CPU
		{C71AD2B2-6730-4F64-A050-52631B6B1B67}.Debug|Any CPU.ActiveCfg = Debug|Any CPU
		{C71AD2B2-6730-4F64-A050-52631B6B1B67}.Debug|Any CPU.Build.0 = Debug|Any CPU
		{C71AD2B2-6730-4F64-A050-52631B6B1B67}.Release|Any CPU.ActiveCfg = Release|Any CPU
		{C71AD2B2-6730-4F64-A050-52631B6B1B67}.Release|Any CPU.Build.0 = Release|Any CPU
		{E89B1ACB-E67E-4AAB-9DC9-9A90E43CB864}.Debug|Any CPU.ActiveCfg = Debug|Any CPU
		{E89B1ACB-E67E-4AAB-9DC9-9A90E43CB864}.Debug|Any CPU.Build.0 = Debug|Any CPU
		{E89B1ACB-E67E-4AAB-9DC9-9A90E43CB864}.Release|Any CPU.ActiveCfg = Release|Any CPU
		{E89B1ACB-E67E-4AAB-9DC9-9A90E43CB864}.Release|Any CPU.Build.0 = Release|Any CPU
		{FC798E03-C513-4F27-B08E-9A1474B1E364}.Debug|Any CPU.ActiveCfg = Debug|Any CPU
		{FC798E03-C513-4F27-B08E-9A1474B1E364}.Debug|Any CPU.Build.0 = Debug|Any CPU
		{FC798E03-C513-4F27-B08E-9A1474B1E364}.Release|Any CPU.ActiveCfg = Release|Any CPU
		{FC798E03-C513-4F27-B08E-9A1474B1E364}.Release|Any CPU.Build.0 = Release|Any CPU
		{1F2BA03B-E46D-48DC-9550-D40EB0BDF0F0}.Debug|Any CPU.ActiveCfg = Debug|Any CPU
		{1F2BA03B-E46D-48DC-9550-D40EB0BDF0F0}.Debug|Any CPU.Build.0 = Debug|Any CPU
		{1F2BA03B-E46D-48DC-9550-D40EB0BDF0F0}.Release|Any CPU.ActiveCfg = Release|Any CPU
		{1F2BA03B-E46D-48DC-9550-D40EB0BDF0F0}.Release|Any CPU.Build.0 = Release|Any CPU
		{9E89D24C-239E-472A-BBC6-4AF64A767456}.Debug|Any CPU.ActiveCfg = Debug|Any CPU
		{9E89D24C-239E-472A-BBC6-4AF64A767456}.Debug|Any CPU.Build.0 = Debug|Any CPU
		{9E89D24C-239E-472A-BBC6-4AF64A767456}.Release|Any CPU.ActiveCfg = Release|Any CPU
		{9E89D24C-239E-472A-BBC6-4AF64A767456}.Release|Any CPU.Build.0 = Release|Any CPU
		{8A4F3DBF-852C-4C8C-B7A6-86EC0476EA53}.Debug|Any CPU.ActiveCfg = Debug|Any CPU
		{8A4F3DBF-852C-4C8C-B7A6-86EC0476EA53}.Debug|Any CPU.Build.0 = Debug|Any CPU
		{8A4F3DBF-852C-4C8C-B7A6-86EC0476EA53}.Release|Any CPU.ActiveCfg = Release|Any CPU
		{8A4F3DBF-852C-4C8C-B7A6-86EC0476EA53}.Release|Any CPU.Build.0 = Release|Any CPU
		{95DF2EB4-1927-47A2-90BB-74EC98696237}.Debug|Any CPU.ActiveCfg = Debug|Any CPU
		{95DF2EB4-1927-47A2-90BB-74EC98696237}.Debug|Any CPU.Build.0 = Debug|Any CPU
		{95DF2EB4-1927-47A2-90BB-74EC98696237}.Release|Any CPU.ActiveCfg = Release|Any CPU
		{95DF2EB4-1927-47A2-90BB-74EC98696237}.Release|Any CPU.Build.0 = Release|Any CPU
		{148C7843-A814-4278-B0AB-ECFA869E4B89}.Debug|Any CPU.ActiveCfg = Debug|Any CPU
		{148C7843-A814-4278-B0AB-ECFA869E4B89}.Debug|Any CPU.Build.0 = Debug|Any CPU
		{148C7843-A814-4278-B0AB-ECFA869E4B89}.Release|Any CPU.ActiveCfg = Release|Any CPU
		{148C7843-A814-4278-B0AB-ECFA869E4B89}.Release|Any CPU.Build.0 = Release|Any CPU
		{F68FED06-C18A-4BEF-90E1-BEBA96C9D811}.Debug|Any CPU.ActiveCfg = Debug|Any CPU
		{F68FED06-C18A-4BEF-90E1-BEBA96C9D811}.Debug|Any CPU.Build.0 = Debug|Any CPU
		{F68FED06-C18A-4BEF-90E1-BEBA96C9D811}.Release|Any CPU.ActiveCfg = Release|Any CPU
		{F68FED06-C18A-4BEF-90E1-BEBA96C9D811}.Release|Any CPU.Build.0 = Release|Any CPU
	EndGlobalSection
	GlobalSection(SolutionProperties) = preSolution
		HideSolutionNode = FALSE
	EndGlobalSection
	GlobalSection(NestedProjects) = preSolution
		{D2725E38-48E5-46FF-8253-27926078D469} = {26F6398E-65BB-43B2-8F0C-DA4FD5305E15}
		{49C4E020-B130-4AE8-97F9-94388114ECF9} = {26F6398E-65BB-43B2-8F0C-DA4FD5305E15}
		{FC702350-C788-4433-B7EE-9249683BCD69} = {D2725E38-48E5-46FF-8253-27926078D469}
		{C71AD2B2-6730-4F64-A050-52631B6B1B67} = {D2725E38-48E5-46FF-8253-27926078D469}
		{E89B1ACB-E67E-4AAB-9DC9-9A90E43CB864} = {D2725E38-48E5-46FF-8253-27926078D469}
		{FC798E03-C513-4F27-B08E-9A1474B1E364} = {D2725E38-48E5-46FF-8253-27926078D469}
		{1F2BA03B-E46D-48DC-9550-D40EB0BDF0F0} = {D2725E38-48E5-46FF-8253-27926078D469}
		{9E89D24C-239E-472A-BBC6-4AF64A767456} = {49C4E020-B130-4AE8-97F9-94388114ECF9}
		{8A4F3DBF-852C-4C8C-B7A6-86EC0476EA53} = {49C4E020-B130-4AE8-97F9-94388114ECF9}
		{95DF2EB4-1927-47A2-90BB-74EC98696237} = {49C4E020-B130-4AE8-97F9-94388114ECF9}
		{148C7843-A814-4278-B0AB-ECFA869E4B89} = {49C4E020-B130-4AE8-97F9-94388114ECF9}
		{F68FED06-C18A-4BEF-90E1-BEBA96C9D811} = {49C4E020-B130-4AE8-97F9-94388114ECF9}
	EndGlobalSection
EndGlobal
